
Microsoft Visual Studio Solution File, Format Version 12.00
# Visual Studio 15
VisualStudioVersion = 15.0.26730.16
MinimumVisualStudioVersion = 10.0.40219.1
Project("{F184B08F-C81C-45F6-A57F-5ABD9991F28F}") = "maxArray", "maxArray\maxArray.vbproj", "{EEC54ED7-66BB-4A4D-B6D9-90CB5A029A98}"
EndProject
Global
	GlobalSection(SolutionConfigurationPlatforms) = preSolution
		Debug|Any CPU = Debug|Any CPU
		Release|Any CPU = Release|Any CPU
	EndGlobalSection
	GlobalSection(ProjectConfigurationPlatforms) = postSolution
		{EEC54ED7-66BB-4A4D-B6D9-90CB5A029A98}.Debug|Any CPU.ActiveCfg = Debug|Any CPU
		{EEC54ED7-66BB-4A4D-B6D9-90CB5A029A98}.Debug|Any CPU.Build.0 = Debug|Any CPU
		{EEC54ED7-66BB-4A4D-B6D9-90CB5A029A98}.Release|Any CPU.ActiveCfg = Release|Any CPU
		{EEC54ED7-66BB-4A4D-B6D9-90CB5A029A98}.Release|Any CPU.Build.0 = Release|Any CPU
	EndGlobalSection
	GlobalSection(SolutionProperties) = preSolution
		HideSolutionNode = FALSE
	EndGlobalSection
	GlobalSection(ExtensibilityGlobals) = postSolution
		SolutionGuid = {6CBC85C1-EAD2-4BD1-8550-BCAFBDC032B7}
	EndGlobalSection
EndGlobal
