
Microsoft Visual Studio Solution File, Format Version 12.00
# Visual Studio 15
VisualStudioVersion = 15.0.26730.16
MinimumVisualStudioVersion = 10.0.40219.1
Project("{F184B08F-C81C-45F6-A57F-5ABD9991F28F}") = "digitToEnglish", "digitToEnglish\digitToEnglish.vbproj", "{2214A3CB-DE0C-4B0E-A0B2-2DD4ED50C0D9}"
EndProject
Global
	GlobalSection(SolutionConfigurationPlatforms) = preSolution
		Debug|Any CPU = Debug|Any CPU
		Release|Any CPU = Release|Any CPU
	EndGlobalSection
	GlobalSection(ProjectConfigurationPlatforms) = postSolution
		{2214A3CB-DE0C-4B0E-A0B2-2DD4ED50C0D9}.Debug|Any CPU.ActiveCfg = Debug|Any CPU
		{2214A3CB-DE0C-4B0E-A0B2-2DD4ED50C0D9}.Debug|Any CPU.Build.0 = Debug|Any CPU
		{2214A3CB-DE0C-4B0E-A0B2-2DD4ED50C0D9}.Release|Any CPU.ActiveCfg = Release|Any CPU
		{2214A3CB-DE0C-4B0E-A0B2-2DD4ED50C0D9}.Release|Any CPU.Build.0 = Release|Any CPU
	EndGlobalSection
	GlobalSection(SolutionProperties) = preSolution
		HideSolutionNode = FALSE
	EndGlobalSection
	GlobalSection(ExtensibilityGlobals) = postSolution
		SolutionGuid = {584E8915-FC16-4D4D-9E6B-25324B8E420C}
	EndGlobalSection
EndGlobal
