
Microsoft Visual Studio Solution File, Format Version 12.00
# Visual Studio 15
VisualStudioVersion = 15.0.26730.16
MinimumVisualStudioVersion = 10.0.40219.1
Project("{F184B08F-C81C-45F6-A57F-5ABD9991F28F}") = "oddOrEven", "oddOrEven\oddOrEven.vbproj", "{C2316720-CEDE-4131-8F36-289CE7834B3F}"
EndProject
Global
	GlobalSection(SolutionConfigurationPlatforms) = preSolution
		Debug|Any CPU = Debug|Any CPU
		Release|Any CPU = Release|Any CPU
	EndGlobalSection
	GlobalSection(ProjectConfigurationPlatforms) = postSolution
		{C2316720-CEDE-4131-8F36-289CE7834B3F}.Debug|Any CPU.ActiveCfg = Debug|Any CPU
		{C2316720-CEDE-4131-8F36-289CE7834B3F}.Debug|Any CPU.Build.0 = Debug|Any CPU
		{C2316720-CEDE-4131-8F36-289CE7834B3F}.Release|Any CPU.ActiveCfg = Release|Any CPU
		{C2316720-CEDE-4131-8F36-289CE7834B3F}.Release|Any CPU.Build.0 = Release|Any CPU
	EndGlobalSection
	GlobalSection(SolutionProperties) = preSolution
		HideSolutionNode = FALSE
	EndGlobalSection
	GlobalSection(ExtensibilityGlobals) = postSolution
		SolutionGuid = {9C99C9E0-9FC4-4B26-BB94-4885FC189D31}
	EndGlobalSection
EndGlobal
