
Microsoft Visual Studio Solution File, Format Version 12.00
# Visual Studio 15
VisualStudioVersion = 15.0.26730.16
MinimumVisualStudioVersion = 10.0.40219.1
Project("{F184B08F-C81C-45F6-A57F-5ABD9991F28F}") = "dateToDay", "dateToDay\dateToDay.vbproj", "{6ACAFC60-713E-4924-AD8F-BBE8A30C0105}"
EndProject
Global
	GlobalSection(SolutionConfigurationPlatforms) = preSolution
		Debug|Any CPU = Debug|Any CPU
		Release|Any CPU = Release|Any CPU
	EndGlobalSection
	GlobalSection(ProjectConfigurationPlatforms) = postSolution
		{6ACAFC60-713E-4924-AD8F-BBE8A30C0105}.Debug|Any CPU.ActiveCfg = Debug|Any CPU
		{6ACAFC60-713E-4924-AD8F-BBE8A30C0105}.Debug|Any CPU.Build.0 = Debug|Any CPU
		{6ACAFC60-713E-4924-AD8F-BBE8A30C0105}.Release|Any CPU.ActiveCfg = Release|Any CPU
		{6ACAFC60-713E-4924-AD8F-BBE8A30C0105}.Release|Any CPU.Build.0 = Release|Any CPU
	EndGlobalSection
	GlobalSection(SolutionProperties) = preSolution
		HideSolutionNode = FALSE
	EndGlobalSection
	GlobalSection(ExtensibilityGlobals) = postSolution
		SolutionGuid = {1B278792-F1BA-4061-B00E-168A2BD07DFE}
	EndGlobalSection
EndGlobal
